
Microsoft Visual Studio Solution File, Format Version 12.00
# Visual Studio 15
VisualStudioVersion = 15.0.27428.1
MinimumVisualStudioVersion = 10.0.40219.1
Project("{9A19103F-16F7-4668-BE54-9A1E7A4F7556}") = "Catalog.API", "src\Services\Catalog\Catalog.API\Catalog.API.csproj", "{0E490245-4571-456F-9AA6-9A7FCDFFAE66}"
EndProject
Project("{E53339B2-1760-4266-BCC7-CA923CBCF16C}") = "docker-compose", "docker-compose.dcproj", "{EA36A237-F360-4F30-AB1D-9A79069E8817}"
EndProject
Project("{2150E333-8FDC-42A3-9474-1A3956D46DE8}") = "src", "src", "{09E267FD-6C92-41BE-920D-293AF48337A5}"
EndProject
Project("{2150E333-8FDC-42A3-9474-1A3956D46DE8}") = "Services", "Services", "{422767C5-EFAA-4ECB-8A5B-54E4177DD21F}"
EndProject
Project("{2150E333-8FDC-42A3-9474-1A3956D46DE8}") = "Catalog", "Catalog", "{C95CD14A-4DE7-49FA-85AB-06BD56D8DC6E}"
EndProject
Global
	GlobalSection(SolutionConfigurationPlatforms) = preSolution
		Debug|Any CPU = Debug|Any CPU
		Release|Any CPU = Release|Any CPU
	EndGlobalSection
	GlobalSection(ProjectConfigurationPlatforms) = postSolution
		{0E490245-4571-456F-9AA6-9A7FCDFFAE66}.Debug|Any CPU.ActiveCfg = Debug|Any CPU
		{0E490245-4571-456F-9AA6-9A7FCDFFAE66}.Debug|Any CPU.Build.0 = Debug|Any CPU
		{0E490245-4571-456F-9AA6-9A7FCDFFAE66}.Release|Any CPU.ActiveCfg = Release|Any CPU
		{0E490245-4571-456F-9AA6-9A7FCDFFAE66}.Release|Any CPU.Build.0 = Release|Any CPU
		{EA36A237-F360-4F30-AB1D-9A79069E8817}.Debug|Any CPU.ActiveCfg = Debug|Any CPU
		{EA36A237-F360-4F30-AB1D-9A79069E8817}.Debug|Any CPU.Build.0 = Debug|Any CPU
		{EA36A237-F360-4F30-AB1D-9A79069E8817}.Release|Any CPU.ActiveCfg = Release|Any CPU
		{EA36A237-F360-4F30-AB1D-9A79069E8817}.Release|Any CPU.Build.0 = Release|Any CPU
	EndGlobalSection
	GlobalSection(SolutionProperties) = preSolution
		HideSolutionNode = FALSE
	EndGlobalSection
	GlobalSection(NestedProjects) = preSolution
		{0E490245-4571-456F-9AA6-9A7FCDFFAE66} = {C95CD14A-4DE7-49FA-85AB-06BD56D8DC6E}
		{422767C5-EFAA-4ECB-8A5B-54E4177DD21F} = {09E267FD-6C92-41BE-920D-293AF48337A5}
		{C95CD14A-4DE7-49FA-85AB-06BD56D8DC6E} = {422767C5-EFAA-4ECB-8A5B-54E4177DD21F}
	EndGlobalSection
	GlobalSection(ExtensibilityGlobals) = postSolution
		SolutionGuid = {CC9241F9-100C-4BE6-B8D9-AEA8E0B744A4}
	EndGlobalSection
EndGlobal
