
Microsoft Visual Studio Solution File, Format Version 12.00
# Visual Studio 15
VisualStudioVersion = 15.0.27428.1
MinimumVisualStudioVersion = 10.0.40219.1
Project("{9A19103F-16F7-4668-BE54-9A1E7A4F7556}") = "Catalog.API", "src\Services\Catalog\Catalog.API\Catalog.API.csproj", "{0E490245-4571-456F-9AA6-9A7FCDFFAE66}"
EndProject
Project("{E53339B2-1760-4266-BCC7-CA923CBCF16C}") = "docker-compose", "docker-compose.dcproj", "{EA36A237-F360-4F30-AB1D-9A79069E8817}"
EndProject
Project("{2150E333-8FDC-42A3-9474-1A3956D46DE8}") = "src", "src", "{09E267FD-6C92-41BE-920D-293AF48337A5}"
EndProject
Project("{2150E333-8FDC-42A3-9474-1A3956D46DE8}") = "Services", "Services", "{422767C5-EFAA-4ECB-8A5B-54E4177DD21F}"
EndProject
Project("{2150E333-8FDC-42A3-9474-1A3956D46DE8}") = "Catalog", "Catalog", "{C95CD14A-4DE7-49FA-85AB-06BD56D8DC6E}"
EndProject
Project("{2150E333-8FDC-42A3-9474-1A3956D46DE8}") = "BuildingBlocks", "BuildingBlocks", "{4DE07439-FE0F-4E37-92B6-3A9FAAC5D3A4}"
EndProject
Project("{2150E333-8FDC-42A3-9474-1A3956D46DE8}") = "EventBus", "EventBus", "{7D8042AE-40B9-4F53-8313-8BE830AE9334}"
EndProject
Project("{9A19103F-16F7-4668-BE54-9A1E7A4F7556}") = "EventBus", "src\BuildingBlocks\EventBus\EventBus\EventBus.csproj", "{AAC65905-2C3C-472F-B04D-6C196CB26FB8}"
EndProject
Project("{9A19103F-16F7-4668-BE54-9A1E7A4F7556}") = "EventBusRabbitMQ", "src\BuildingBlocks\EventBus\EventBusRabbitMQ\EventBusRabbitMQ.csproj", "{090603AE-7DC6-4BDF-93CF-4113129BBC33}"
EndProject
Project("{2150E333-8FDC-42A3-9474-1A3956D46DE8}") = "Basket", "Basket", "{CC726FCD-6DFB-44D3-B2D4-E290762A21FD}"
EndProject
Project("{FAE04EC0-301F-11D3-BF4B-00C04F79EFBC}") = "Basket.API", "src\Services\Basket\Basket.API\Basket.API.csproj", "{152DA936-6118-4240-AD0B-56DECED10BEA}"
EndProject
Global
	GlobalSection(SolutionConfigurationPlatforms) = preSolution
		Debug|Any CPU = Debug|Any CPU
		Release|Any CPU = Release|Any CPU
	EndGlobalSection
	GlobalSection(ProjectConfigurationPlatforms) = postSolution
		{0E490245-4571-456F-9AA6-9A7FCDFFAE66}.Debug|Any CPU.ActiveCfg = Debug|Any CPU
		{0E490245-4571-456F-9AA6-9A7FCDFFAE66}.Debug|Any CPU.Build.0 = Debug|Any CPU
		{0E490245-4571-456F-9AA6-9A7FCDFFAE66}.Release|Any CPU.ActiveCfg = Release|Any CPU
		{0E490245-4571-456F-9AA6-9A7FCDFFAE66}.Release|Any CPU.Build.0 = Release|Any CPU
		{EA36A237-F360-4F30-AB1D-9A79069E8817}.Debug|Any CPU.ActiveCfg = Debug|Any CPU
		{EA36A237-F360-4F30-AB1D-9A79069E8817}.Debug|Any CPU.Build.0 = Debug|Any CPU
		{EA36A237-F360-4F30-AB1D-9A79069E8817}.Release|Any CPU.ActiveCfg = Release|Any CPU
		{EA36A237-F360-4F30-AB1D-9A79069E8817}.Release|Any CPU.Build.0 = Release|Any CPU
		{AAC65905-2C3C-472F-B04D-6C196CB26FB8}.Debug|Any CPU.ActiveCfg = Debug|Any CPU
		{AAC65905-2C3C-472F-B04D-6C196CB26FB8}.Debug|Any CPU.Build.0 = Debug|Any CPU
		{AAC65905-2C3C-472F-B04D-6C196CB26FB8}.Release|Any CPU.ActiveCfg = Release|Any CPU
		{AAC65905-2C3C-472F-B04D-6C196CB26FB8}.Release|Any CPU.Build.0 = Release|Any CPU
		{090603AE-7DC6-4BDF-93CF-4113129BBC33}.Debug|Any CPU.ActiveCfg = Debug|Any CPU
		{090603AE-7DC6-4BDF-93CF-4113129BBC33}.Debug|Any CPU.Build.0 = Debug|Any CPU
		{090603AE-7DC6-4BDF-93CF-4113129BBC33}.Release|Any CPU.ActiveCfg = Release|Any CPU
		{090603AE-7DC6-4BDF-93CF-4113129BBC33}.Release|Any CPU.Build.0 = Release|Any CPU
		{152DA936-6118-4240-AD0B-56DECED10BEA}.Debug|Any CPU.ActiveCfg = Debug|Any CPU
		{152DA936-6118-4240-AD0B-56DECED10BEA}.Debug|Any CPU.Build.0 = Debug|Any CPU
		{152DA936-6118-4240-AD0B-56DECED10BEA}.Release|Any CPU.ActiveCfg = Release|Any CPU
		{152DA936-6118-4240-AD0B-56DECED10BEA}.Release|Any CPU.Build.0 = Release|Any CPU
	EndGlobalSection
	GlobalSection(SolutionProperties) = preSolution
		HideSolutionNode = FALSE
	EndGlobalSection
	GlobalSection(NestedProjects) = preSolution
		{0E490245-4571-456F-9AA6-9A7FCDFFAE66} = {C95CD14A-4DE7-49FA-85AB-06BD56D8DC6E}
		{422767C5-EFAA-4ECB-8A5B-54E4177DD21F} = {09E267FD-6C92-41BE-920D-293AF48337A5}
		{C95CD14A-4DE7-49FA-85AB-06BD56D8DC6E} = {422767C5-EFAA-4ECB-8A5B-54E4177DD21F}
		{4DE07439-FE0F-4E37-92B6-3A9FAAC5D3A4} = {09E267FD-6C92-41BE-920D-293AF48337A5}
		{7D8042AE-40B9-4F53-8313-8BE830AE9334} = {4DE07439-FE0F-4E37-92B6-3A9FAAC5D3A4}
		{AAC65905-2C3C-472F-B04D-6C196CB26FB8} = {7D8042AE-40B9-4F53-8313-8BE830AE9334}
		{090603AE-7DC6-4BDF-93CF-4113129BBC33} = {7D8042AE-40B9-4F53-8313-8BE830AE9334}
		{CC726FCD-6DFB-44D3-B2D4-E290762A21FD} = {422767C5-EFAA-4ECB-8A5B-54E4177DD21F}
		{152DA936-6118-4240-AD0B-56DECED10BEA} = {CC726FCD-6DFB-44D3-B2D4-E290762A21FD}
	EndGlobalSection
	GlobalSection(ExtensibilityGlobals) = postSolution
		SolutionGuid = {CC9241F9-100C-4BE6-B8D9-AEA8E0B744A4}
	EndGlobalSection
EndGlobal
